
Microsoft Visual Studio Solution File, Format Version 12.00
# Visual Studio Version 17
VisualStudioVersion = 17.5.33424.131
MinimumVisualStudioVersion = 10.0.40219.1
Project("{9A19103F-16F7-4668-BE54-9A1E7A4F7556}") = "DidactEngine", "Didact\DidactEngine.csproj", "{A2A759F6-01CE-46D2-8B0E-B4AA0BD29122}"
EndProject
Global
	GlobalSection(SolutionConfigurationPlatforms) = preSolution
		Debug|Any CPU = Debug|Any CPU
		Release|Any CPU = Release|Any CPU
	EndGlobalSection
	GlobalSection(ProjectConfigurationPlatforms) = postSolution
		{A2A759F6-01CE-46D2-8B0E-B4AA0BD29122}.Debug|Any CPU.ActiveCfg = Debug|Any CPU
		{A2A759F6-01CE-46D2-8B0E-B4AA0BD29122}.Debug|Any CPU.Build.0 = Debug|Any CPU
		{A2A759F6-01CE-46D2-8B0E-B4AA0BD29122}.Release|Any CPU.ActiveCfg = Release|Any CPU
		{A2A759F6-01CE-46D2-8B0E-B4AA0BD29122}.Release|Any CPU.Build.0 = Release|Any CPU
	EndGlobalSection
	GlobalSection(SolutionProperties) = preSolution
		HideSolutionNode = FALSE
	EndGlobalSection
	GlobalSection(ExtensibilityGlobals) = postSolution
		SolutionGuid = {3280581C-DF28-4A98-8540-6B9E6B4FB6A0}
	EndGlobalSection
EndGlobal
